
Microsoft Visual Studio Solution File, Format Version 12.00
# Visual Studio Version 17
VisualStudioVersion = 17.3.32819.101
MinimumVisualStudioVersion = 10.0.40219.1
Project("{FAE04EC0-301F-11D3-BF4B-00C04F79EFBC}") = "StockManagement", "StockManagement.csproj", "{6CD39CD0-BAE4-46D5-AE5C-F3FB8093BF3D}"
EndProject
Global
	GlobalSection(SolutionConfigurationPlatforms) = preSolution
		Debug|Any CPU = Debug|Any CPU
		Release|Any CPU = Release|Any CPU
	EndGlobalSection
	GlobalSection(ProjectConfigurationPlatforms) = postSolution
		{6CD39CD0-BAE4-46D5-AE5C-F3FB8093BF3D}.Debug|Any CPU.ActiveCfg = Debug|Any CPU
		{6CD39CD0-BAE4-46D5-AE5C-F3FB8093BF3D}.Debug|Any CPU.Build.0 = Debug|Any CPU
		{6CD39CD0-BAE4-46D5-AE5C-F3FB8093BF3D}.Release|Any CPU.ActiveCfg = Release|Any CPU
		{6CD39CD0-BAE4-46D5-AE5C-F3FB8093BF3D}.Release|Any CPU.Build.0 = Release|Any CPU
	EndGlobalSection
	GlobalSection(SolutionProperties) = preSolution
		HideSolutionNode = FALSE
	EndGlobalSection
	GlobalSection(ExtensibilityGlobals) = postSolution
		SolutionGuid = {5EF1D8D7-C372-4FE0-8809-605A228CA6F3}
	EndGlobalSection
EndGlobal
